
Microsoft Visual Studio Solution File, Format Version 12.00
# Visual Studio Version 17
VisualStudioVersion = 17.3.32811.315
MinimumVisualStudioVersion = 10.0.40219.1
Project("{9A19103F-16F7-4668-BE54-9A1E7A4F7556}") = "ImageDataStorage", "ImageDataStorage\ImageDataStorage.csproj", "{2AC7506F-6728-438E-AE63-BA49E9B31939}"
EndProject
Project("{9A19103F-16F7-4668-BE54-9A1E7A4F7556}") = "EncryptionAlgorithm", "EncryptionAlgorithm\EncryptionAlgorithm.csproj", "{723F5EDB-5529-4D39-A295-D44522637B92}"
EndProject
Project("{9A19103F-16F7-4668-BE54-9A1E7A4F7556}") = "StringManipulation", "StringManipulation\StringManipulation.csproj", "{FC77C9B1-1148-4015-882B-02063FEE6CE0}"
EndProject
Project("{9A19103F-16F7-4668-BE54-9A1E7A4F7556}") = "GCloud_Test", "GCloud_Test\GCloud_Test.csproj", "{BAC4F52A-035F-44CA-8BA6-282338BD5650}"
EndProject
Project("{9A19103F-16F7-4668-BE54-9A1E7A4F7556}") = "TimeBased", "TimeBased\TimeBased.csproj", "{708398F1-256D-465C-84AE-C3C516DB7019}"
EndProject
Project("{9A19103F-16F7-4668-BE54-9A1E7A4F7556}") = "MathUtils", "MathUtils\MathUtils.csproj", "{19A982C5-D13A-4A52-BEC9-729E7C4AFB25}"
EndProject
Project("{9A19103F-16F7-4668-BE54-9A1E7A4F7556}") = "MidiUtils", "MidiUtils\MidiUtils.csproj", "{9F3EA64D-80B7-4C15-83CB-59185261BAF1}"
EndProject
Project("{9A19103F-16F7-4668-BE54-9A1E7A4F7556}") = "AsyncTesting", "AsyncTesting\AsyncTesting.csproj", "{0DEE0036-20F2-417D-8C3F-45CE9DF25878}"
EndProject
Project("{00D1A9C2-B5F0-4AF3-8072-F6C62B433612}") = "MyFirstSql", "MyFirstSql\MyFirstSql.sqlproj", "{CE87BAA0-CEAA-4FC9-85C9-C5850116D097}"
EndProject
Global
	GlobalSection(SolutionConfigurationPlatforms) = preSolution
		Debug|Any CPU = Debug|Any CPU
		Release|Any CPU = Release|Any CPU
	EndGlobalSection
	GlobalSection(ProjectConfigurationPlatforms) = postSolution
		{2AC7506F-6728-438E-AE63-BA49E9B31939}.Debug|Any CPU.ActiveCfg = Debug|Any CPU
		{2AC7506F-6728-438E-AE63-BA49E9B31939}.Debug|Any CPU.Build.0 = Debug|Any CPU
		{2AC7506F-6728-438E-AE63-BA49E9B31939}.Release|Any CPU.ActiveCfg = Release|Any CPU
		{2AC7506F-6728-438E-AE63-BA49E9B31939}.Release|Any CPU.Build.0 = Release|Any CPU
		{723F5EDB-5529-4D39-A295-D44522637B92}.Debug|Any CPU.ActiveCfg = Debug|Any CPU
		{723F5EDB-5529-4D39-A295-D44522637B92}.Debug|Any CPU.Build.0 = Debug|Any CPU
		{723F5EDB-5529-4D39-A295-D44522637B92}.Release|Any CPU.ActiveCfg = Release|Any CPU
		{723F5EDB-5529-4D39-A295-D44522637B92}.Release|Any CPU.Build.0 = Release|Any CPU
		{FC77C9B1-1148-4015-882B-02063FEE6CE0}.Debug|Any CPU.ActiveCfg = Debug|Any CPU
		{FC77C9B1-1148-4015-882B-02063FEE6CE0}.Debug|Any CPU.Build.0 = Debug|Any CPU
		{FC77C9B1-1148-4015-882B-02063FEE6CE0}.Release|Any CPU.ActiveCfg = Release|Any CPU
		{FC77C9B1-1148-4015-882B-02063FEE6CE0}.Release|Any CPU.Build.0 = Release|Any CPU
		{BAC4F52A-035F-44CA-8BA6-282338BD5650}.Debug|Any CPU.ActiveCfg = Debug|Any CPU
		{BAC4F52A-035F-44CA-8BA6-282338BD5650}.Debug|Any CPU.Build.0 = Debug|Any CPU
		{BAC4F52A-035F-44CA-8BA6-282338BD5650}.Release|Any CPU.ActiveCfg = Release|Any CPU
		{BAC4F52A-035F-44CA-8BA6-282338BD5650}.Release|Any CPU.Build.0 = Release|Any CPU
		{708398F1-256D-465C-84AE-C3C516DB7019}.Debug|Any CPU.ActiveCfg = Debug|Any CPU
		{708398F1-256D-465C-84AE-C3C516DB7019}.Debug|Any CPU.Build.0 = Debug|Any CPU
		{708398F1-256D-465C-84AE-C3C516DB7019}.Release|Any CPU.ActiveCfg = Release|Any CPU
		{708398F1-256D-465C-84AE-C3C516DB7019}.Release|Any CPU.Build.0 = Release|Any CPU
		{19A982C5-D13A-4A52-BEC9-729E7C4AFB25}.Debug|Any CPU.ActiveCfg = Debug|Any CPU
		{19A982C5-D13A-4A52-BEC9-729E7C4AFB25}.Debug|Any CPU.Build.0 = Debug|Any CPU
		{19A982C5-D13A-4A52-BEC9-729E7C4AFB25}.Release|Any CPU.ActiveCfg = Release|Any CPU
		{19A982C5-D13A-4A52-BEC9-729E7C4AFB25}.Release|Any CPU.Build.0 = Release|Any CPU
		{9F3EA64D-80B7-4C15-83CB-59185261BAF1}.Debug|Any CPU.ActiveCfg = Debug|Any CPU
		{9F3EA64D-80B7-4C15-83CB-59185261BAF1}.Debug|Any CPU.Build.0 = Debug|Any CPU
		{9F3EA64D-80B7-4C15-83CB-59185261BAF1}.Release|Any CPU.ActiveCfg = Release|Any CPU
		{9F3EA64D-80B7-4C15-83CB-59185261BAF1}.Release|Any CPU.Build.0 = Release|Any CPU
		{0DEE0036-20F2-417D-8C3F-45CE9DF25878}.Debug|Any CPU.ActiveCfg = Debug|Any CPU
		{0DEE0036-20F2-417D-8C3F-45CE9DF25878}.Debug|Any CPU.Build.0 = Debug|Any CPU
		{0DEE0036-20F2-417D-8C3F-45CE9DF25878}.Release|Any CPU.ActiveCfg = Release|Any CPU
		{0DEE0036-20F2-417D-8C3F-45CE9DF25878}.Release|Any CPU.Build.0 = Release|Any CPU
		{CE87BAA0-CEAA-4FC9-85C9-C5850116D097}.Debug|Any CPU.ActiveCfg = Debug|Any CPU
		{CE87BAA0-CEAA-4FC9-85C9-C5850116D097}.Debug|Any CPU.Build.0 = Debug|Any CPU
		{CE87BAA0-CEAA-4FC9-85C9-C5850116D097}.Debug|Any CPU.Deploy.0 = Debug|Any CPU
		{CE87BAA0-CEAA-4FC9-85C9-C5850116D097}.Release|Any CPU.ActiveCfg = Release|Any CPU
		{CE87BAA0-CEAA-4FC9-85C9-C5850116D097}.Release|Any CPU.Build.0 = Release|Any CPU
		{CE87BAA0-CEAA-4FC9-85C9-C5850116D097}.Release|Any CPU.Deploy.0 = Release|Any CPU
	EndGlobalSection
	GlobalSection(SolutionProperties) = preSolution
		HideSolutionNode = FALSE
	EndGlobalSection
	GlobalSection(ExtensibilityGlobals) = postSolution
		SolutionGuid = {F34A8C08-85FC-4F8B-AC9C-C4098FFC49D8}
	EndGlobalSection
EndGlobal
