
Microsoft Visual Studio Solution File, Format Version 12.00
# Visual Studio Version 16
VisualStudioVersion = 16.0.32802.440
MinimumVisualStudioVersion = 10.0.40219.1
Project("{9A19103F-16F7-4668-BE54-9A1E7A4F7556}") = "ImageDataStorage", "ImageDataStorage\ImageDataStorage.csproj", "{2AC7506F-6728-438E-AE63-BA49E9B31939}"
EndProject
Global
	GlobalSection(SolutionConfigurationPlatforms) = preSolution
		Debug|Any CPU = Debug|Any CPU
		Release|Any CPU = Release|Any CPU
	EndGlobalSection
	GlobalSection(ProjectConfigurationPlatforms) = postSolution
		{2AC7506F-6728-438E-AE63-BA49E9B31939}.Debug|Any CPU.ActiveCfg = Debug|Any CPU
		{2AC7506F-6728-438E-AE63-BA49E9B31939}.Debug|Any CPU.Build.0 = Debug|Any CPU
		{2AC7506F-6728-438E-AE63-BA49E9B31939}.Release|Any CPU.ActiveCfg = Release|Any CPU
		{2AC7506F-6728-438E-AE63-BA49E9B31939}.Release|Any CPU.Build.0 = Release|Any CPU
	EndGlobalSection
	GlobalSection(SolutionProperties) = preSolution
		HideSolutionNode = FALSE
	EndGlobalSection
	GlobalSection(ExtensibilityGlobals) = postSolution
		SolutionGuid = {F34A8C08-85FC-4F8B-AC9C-C4098FFC49D8}
	EndGlobalSection
EndGlobal
